// !$*UTF8*$!
{
	archiveVersion = 1;
	classes = {
	};
	objectVersion = 46;
	objects = {

/* Begin PBXBuildFile section */
		CD83C57B1BB0E018006532B7 /* main.c in Sources */ = {isa = PBXBuildFile; fileRef = CD83C57A1BB0E018006532B7 /* main.c */; };
/* End PBXBuildFile section */

/* Begin PBXCopyFilesBuildPhase section */
		CD83C5751BB0E018006532B7 /* CopyFiles */ = {
			isa = PBXCopyFilesBuildPhase;
			buildActionMask = 2147483647;
			dstPath = /usr/share/man/man1/;
			dstSubfolderSpec = 0;
			files = (
			);
			runOnlyForDeploymentPostprocessing = 1;
		};
/* End PBXCopyFilesBuildPhase section */

/* Begin PBXFileReference section */
		CD83C5771BB0E018006532B7 /* Mega sena Encadeada */ = {isa = PBXFileReference; explicitFileType = "compiled.mach-o.executable"; includeInIndex = 0; path = "Mega sena Encadeada"; sourceTree = BUILT_PRODUCTS_DIR; };
		CD83C57A1BB0E018006532B7 /* main.c */ = {isa = PBXFileReference; lastKnownFileType = sourcecode.c.c; path = main.c; sourceTree = "<group>"; };
/* End PBXFileReference section */

/* Begin PBXFrameworksBuildPhase section */
		CD83C5741BB0E018006532B7 /* Frameworks */ = {
			isa = PBXFrameworksBuildPhase;
			buildActionMask = 2147483647;
			files = (
			);
			runOnlyForDeploymentPostprocessing = 0;
		};
/* End PBXFrameworksBuildPhase section */

/* Begin PBXGroup section */
		CD83C56E1BB0E018006532B7 = {
			isa = PBXGroup;
			children = (
				CD83C5791BB0E018006532B7 /* Mega sena Encadeada */,
				CD83C5781BB0E018006532B7 /* Products */,
			);
			sourceTree = "<group>";
		};
		CD83C5781BB0E018006532B7 /* Products */ = {
			isa = PBXGroup;
			children = (
				CD83C5771BB0E018006532B7 /* Mega sena Encadeada */,
			);
			name = Products;
			sourceTree = "<group>";
		};
		CD83C5791BB0E018006532B7 /* Mega sena Encadeada */ = {
			isa = PBXGroup;
			children = (
				CD83C57A1BB0E018006532B7 /* main.c */,
			);
			path = "Mega sena Encadeada";
			sourceTree = "<group>";
		};
/* End PBXGroup section */

/* Begin PBXNativeTarget section */
		CD83C5761BB0E018006532B7 /* Mega sena Encadeada */ = {
			isa = PBXNativeTarget;
			buildConfigurationList = CD83C57E1BB0E018006532B7 /* Build configuration list for PBXNativeTarget "Mega sena Encadeada" */;
			buildPhases = (
				CD83C5731BB0E018006532B7 /* Sources */,
				CD83C5741BB0E018006532B7 /* Frameworks */,
				CD83C5751BB0E018006532B7 /* CopyFiles */,
			);
			buildRules = (
			);
			dependencies = (
			);
			name = "Mega sena Encadeada";
			productName = "Mega sena Encadeada";
			productReference = CD83C5771BB0E018006532B7 /* Mega sena Encadeada */;
			productType = "com.apple.product-type.tool";
		};
/* End PBXNativeTarget section */

/* Begin PBXProject section */
		CD83C56F1BB0E018006532B7 /* Project object */ = {
			isa = PBXProject;
			attributes = {
				LastUpgradeCheck = 0700;
				ORGANIZATIONNAME = "Caio Arthur";
				TargetAttributes = {
					CD83C5761BB0E018006532B7 = {
						CreatedOnToolsVersion = 7.0;
					};
				};
			};
			buildConfigurationList = CD83C5721BB0E018006532B7 /* Build configuration list for PBXProject "Mega sena Encadeada" */;
			compatibilityVersion = "Xcode 3.2";
			developmentRegion = English;
			hasScannedForEncodings = 0;
			knownRegions = (
				en,
			);
			mainGroup = CD83C56E1BB0E018006532B7;
			productRefGroup = CD83C5781BB0E018006532B7 /* Products */;
			projectDirPath = "";
			projectRoot = "";
			targets = (
				CD83C5761BB0E018006532B7 /* Mega sena Encadeada */,
			);
		};
/* End PBXProject section */

/* Begin PBXSourcesBuildPhase section */
		CD83C5731BB0E018006532B7 /* Sources */ = {
			isa = PBXSourcesBuildPhase;
			buildActionMask = 2147483647;
			files = (
				CD83C57B1BB0E018006532B7 /* main.c in Sources */,
			);
			runOnlyForDeploymentPostprocessing = 0;
		};
/* End PBXSourcesBuildPhase section */

/* Begin XCBuildConfiguration section */
		CD83C57C1BB0E018006532B7 /* Debug */ = {
			isa = XCBuildConfiguration;
			buildSettings = {
				ALWAYS_SEARCH_USER_PATHS = NO;
				CLANG_CXX_LANGUAGE_STANDARD = "gnu++0x";
				CLANG_CXX_LIBRARY = "libc++";
				CLANG_ENABLE_MODULES = YES;
				CLANG_ENABLE_OBJC_ARC = YES;
				CLANG_WARN_BOOL_CONVERSION = YES;
				CLANG_WARN_CONSTANT_CONVERSION = YES;
				CLANG_WARN_DIRECT_OBJC_ISA_USAGE = YES_ERROR;
				CLANG_WARN_EMPTY_BODY = YES;
				CLANG_WARN_ENUM_CONVERSION = YES;
				CLANG_WARN_INT_CONVERSION = YES;
				CLANG_WARN_OBJC_ROOT_CLASS = YES_ERROR;
				CLANG_WARN_UNREACHABLE_CODE = YES;
				CLANG_WARN__DUPLICATE_METHOD_MATCH = YES;
				COPY_PHASE_STRIP = NO;
				DEBUG_INFORMATION_FORMAT = dwarf;
				ENABLE_STRICT_OBJC_MSGSEND = YES;
				ENABLE_TESTABILITY = YES;
				GCC_C_LANGUAGE_STANDARD = gnu99;
				GCC_DYNAMIC_NO_PIC = NO;
				GCC_NO_COMMON_BLOCKS = YES;
				GCC_OPTIMIZATION_LEVEL = 0;
				GCC_PREPROCESSOR_DEFINITIONS = (
					"DEBUG=1",
					"$(inherited)",
				);
				GCC_WARN_64_TO_32_BIT_CONVERSION = YES;
				GCC_WARN_ABOUT_RETURN_TYPE = YES_ERROR;
				GCC_WARN_UNDECLARED_SELECTOR = YES;
				GCC_WARN_UNINITIALIZED_AUTOS = YES_AGGRESSIVE;
				GCC_WARN_UNUSED_FUNCTION = YES;
				GCC_WARN_UNUSED_VARIABLE = YES;
				MACOSX_DEPLOYMENT_TARGET = 10.10;
				MTL_ENABLE_DEBUG_INFO = YES;
				ONLY_ACTIVE_ARCH = YES;
				SDKROOT = macosx;
			};
			name = Debug;
		};
		CD83C57D1BB0E018006532B7 /* Release */ = {
			isa = XCBuildConfiguration;
			buildSettings = {
				ALWAYS_SEARCH_USER_PATHS = NO;
				CLANG_CXX_LANGUAGE_STANDARD = "gnu++0x";
				CLANG_CXX_LIBRARY = "libc++";
				CLANG_ENABLE_MODULES = YES;
				CLANG_ENABLE_OBJC_ARC = YES;
				CLANG_WARN_BOOL_CONVERSION = YES;
				CLANG_WARN_CONSTANT_CONVERSION = YES;
				CLANG_WARN_DIRECT_OBJC_ISA_USAGE = YES_ERROR;
				CLANG_WARN_EMPTY_BODY = YES;
				CLANG_WARN_ENUM_CONVERSION = YES;
				CLANG_WARN_INT_CONVERSION = YES;
				CLANG_WARN_OBJC_ROOT_CLASS = YES_ERROR;
				CLANG_WARN_UNREACHABLE_CODE = YES;
				CLANG_WARN__DUPLICATE_METHOD_MATCH = YES;
				COPY_PHASE_STRIP = NO;
				DEBUG_INFORMATION_FORMAT = "dwarf-with-dsym";
				ENABLE_NS_ASSERTIONS = NO;
				ENABLE_STRICT_OBJC_MSGSEND = YES;
				GCC_C_LANGUAGE_STANDARD = gnu99;
				GCC_NO_COMMON_BLOCKS = YES;
				GCC_WARN_64_TO_32_BIT_CONVERSION = YES;
				GCC_WARN_ABOUT_RETURN_TYPE = YES_ERROR;
				GCC_WARN_UNDECLARED_SELECTOR = YES;
				GCC_WARN_UNINITIALIZED_AUTOS = YES_AGGRESSIVE;
				GCC_WARN_UNUSED_FUNCTION = YES;
				GCC_WARN_UNUSED_VARIABLE = YES;
				MACOSX_DEPLOYMENT_TARGET = 10.10;
				MTL_ENABLE_DEBUG_INFO = NO;
				SDKROOT = macosx;
			};
			name = Release;
		};
		CD83C57F1BB0E018006532B7 /* Debug */ = {
			isa = XCBuildConfiguration;
			buildSettings = {
				PRODUCT_NAME = "$(TARGET_NAME)";
			};
			name = Debug;
		};
		CD83C5801BB0E018006532B7 /* Release */ = {
			isa = XCBuildConfiguration;
			buildSettings = {
				PRODUCT_NAME = "$(TARGET_NAME)";
			};
			name = Release;
		};
/* End XCBuildConfiguration section */

/* Begin XCConfigurationList section */
		CD83C5721BB0E018006532B7 /* Build configuration list for PBXProject "Mega sena Encadeada" */ = {
			isa = XCConfigurationList;
			buildConfigurations = (
				CD83C57C1BB0E018006532B7 /* Debug */,
				CD83C57D1BB0E018006532B7 /* Release */,
			);
			defaultConfigurationIsVisible = 0;
			defaultConfigurationName = Release;
		};
		CD83C57E1BB0E018006532B7 /* Build configuration list for PBXNativeTarget "Mega sena Encadeada" */ = {
			isa = XCConfigurationList;
			buildConfigurations = (
				CD83C57F1BB0E018006532B7 /* Debug */,
				CD83C5801BB0E018006532B7 /* Release */,
			);
			defaultConfigurationIsVisible = 0;
			defaultConfigurationName = Release;
		};
/* End XCConfigurationList section */
	};
	rootObject = CD83C56F1BB0E018006532B7 /* Project object */;
}
